{
    "_readme": [
        "This file locks the dependencies of your project to a known state",
        "Read more about it at https://getcomposer.org/doc/01-basic-usage.md#installing-dependencies",
        "This file is @generated automatically"
    ],
    "content-hash": "db4fcc25dcb74778b9d26467d6e495cf",
    "packages": [
        {
            "name": "easyswoole/component",
            "version": "2.2.1",
            "source": {
                "type": "git",
                "url": "https://github.com/easy-swoole/component.git",
                "reference": "342b94d6f259e1abdb3262f4afe0ea29daefbd44"
            },
            "dist": {
                "type": "zip",
                "url": "https://api.github.com/repos/easy-swoole/component/zipball/342b94d6f259e1abdb3262f4afe0ea29daefbd44",
                "reference": "342b94d6f259e1abdb3262f4afe0ea29daefbd44",
                "shasum": "",
                "mirrors": [
                    {
                        "url": "https://mirrors.aliyun.com/composer/dists/%package%/%reference%.%type%",
                        "preferred": true
                    }
                ]
            },
            "require": {
                "easyswoole/spl": "^1.1",
                "easyswoole/utility": "^1.0",
                "ext-swoole": "^4.4.2",
                "php": ">=7.1.0"
            },
            "require-dev": {
                "easyswoole/phpunit": "^1.0",
                "easyswoole/swoole-ide-helper": "^1.2"
            },
            "type": "library",
            "autoload": {
                "psr-4": {
                    "EasySwoole\\Component\\": "src/",
                    "EasySwoole\\Component\\Tests\\": "Tests/"
                }
            },
            "notification-url": "https://packagist.org/downloads/",
            "license": [
                "Apache-2.0"
            ],
            "authors": [
                {
                    "name": "YF",
                    "email": "291323003@qq.com"
                }
            ],
            "description": "easyswoole component",
            "homepage": "https://www.easyswoole.com/",
            "keywords": [
                "async",
                "easyswoole",
                "framework",
                "swoole"
            ],
            "time": "2020-04-06T14:37:20+00:00"
        },
        {
            "name": "easyswoole/ddl",
            "version": "1.0.5",
            "source": {
                "type": "git",
                "url": "https://github.com/easy-swoole/ddl.git",
                "reference": "14ef9dcc418a29a6a3dde53932ba66e2ab95cbe1"
            },
            "dist": {
                "type": "zip",
                "url": "https://api.github.com/repos/easy-swoole/ddl/zipball/14ef9dcc418a29a6a3dde53932ba66e2ab95cbe1",
                "reference": "14ef9dcc418a29a6a3dde53932ba66e2ab95cbe1",
                "shasum": "",
                "mirrors": [
                    {
                        "url": "https://mirrors.aliyun.com/composer/dists/%package%/%reference%.%type%",
                        "preferred": true
                    }
                ]
            },
            "require": {
                "easyswoole/spl": "^1.2"
            },
            "type": "library",
            "autoload": {
                "psr-4": {
                    "EasySwoole\\DDL\\": "src/",
                    "EasySwoole\\DDL\\Test\\": "test/"
                }
            },
            "notification-url": "https://packagist.org/downloads/",
            "license": [
                "Apache-2.0"
            ],
            "authors": [
                {
                    "name": "YF",
                    "email": "291323003@qq.com"
                }
            ],
            "description": "An efficient swoole framework",
            "homepage": "https://www.easyswoole.com/",
            "keywords": [
                "async",
                "easyswoole",
                "framework",
                "swoole"
            ],
            "time": "2020-04-08T08:15:05+00:00"
        },
        {
            "name": "easyswoole/mysqli",
            "version": "2.2.6",
            "source": {
                "type": "git",
                "url": "https://github.com/easy-swoole/mysqli.git",
                "reference": "177579daeaa3824cdf043035121224870fae57f3"
            },
            "dist": {
                "type": "zip",
                "url": "https://api.github.com/repos/easy-swoole/mysqli/zipball/177579daeaa3824cdf043035121224870fae57f3",
                "reference": "177579daeaa3824cdf043035121224870fae57f3",
                "shasum": "",
                "mirrors": [
                    {
                        "url": "https://mirrors.aliyun.com/composer/dists/%package%/%reference%.%type%",
                        "preferred": true
                    }
                ]
            },
            "require": {
                "easyswoole/spl": "^1.2"
            },
            "require-dev": {
                "easyswoole/phpunit": "^1.0",
                "easyswoole/swoole-ide-helper": "^1.2"
            },
            "type": "library",
            "autoload": {
                "psr-4": {
                    "EasySwoole\\Mysqli\\": "src/",
                    "EasySwoole\\Mysqli\\Tests\\": "tests/"
                }
            },
            "notification-url": "https://packagist.org/downloads/",
            "license": [
                "Apache-2.0"
            ],
            "authors": [
                {
                    "name": "YF",
                    "email": "291323003@qq.com"
                }
            ],
            "description": "An efficient swoole framework",
            "homepage": "https://www.easyswoole.com/",
            "keywords": [
                "async",
                "easyswoole",
                "framework",
                "swoole"
            ],
            "time": "2020-03-13T07:20:33+00:00"
        },
        {
            "name": "easyswoole/orm",
            "version": "1.4.9",
            "source": {
                "type": "git",
                "url": "https://github.com/easy-swoole/orm.git",
                "reference": "a58c965bd3a0246e173a5f5b638eb5b0de8a861f"
            },
            "dist": {
                "type": "zip",
                "url": "https://api.github.com/repos/easy-swoole/orm/zipball/a58c965bd3a0246e173a5f5b638eb5b0de8a861f",
                "reference": "a58c965bd3a0246e173a5f5b638eb5b0de8a861f",
                "shasum": "",
                "mirrors": [
                    {
                        "url": "https://mirrors.aliyun.com/composer/dists/%package%/%reference%.%type%",
                        "preferred": true
                    }
                ]
            },
            "require": {
                "easyswoole/component": "^2.0",
                "easyswoole/ddl": "^1.0",
                "easyswoole/mysqli": "^2.0",
                "easyswoole/pool": "^1.0",
                "ext-json": "*",
                "ext-swoole": ">=4.4.7",
                "php": ">=7.1.0"
            },
            "require-dev": {
                "easyswoole/phpunit": "^1.0",
                "easyswoole/swoole-ide-helper": "^1.0"
            },
            "type": "library",
            "autoload": {
                "psr-4": {
                    "EasySwoole\\ORM\\": "src/"
                }
            },
            "notification-url": "https://packagist.org/downloads/",
            "license": [
                "Apache-2.0"
            ],
            "authors": [
                {
                    "name": "YF",
                    "email": "291323003@qq.com"
                }
            ],
            "description": "php stander lib",
            "homepage": "https://www.easyswoole.com/",
            "keywords": [
                "async",
                "easyswoole",
                "framework",
                "swoole"
            ],
            "time": "2020-05-26T14:10:46+00:00"
        },
        {
            "name": "easyswoole/pool",
            "version": "1.0.11",
            "source": {
                "type": "git",
                "url": "https://github.com/easy-swoole/pool.git",
                "reference": "f64372e93a0313ffb116d8d6f0d87c9451300d85"
            },
            "dist": {
                "type": "zip",
                "url": "https://api.github.com/repos/easy-swoole/pool/zipball/f64372e93a0313ffb116d8d6f0d87c9451300d85",
                "reference": "f64372e93a0313ffb116d8d6f0d87c9451300d85",
                "shasum": "",
                "mirrors": [
                    {
                        "url": "https://mirrors.aliyun.com/composer/dists/%package%/%reference%.%type%",
                        "preferred": true
                    }
                ]
            },
            "require": {
                "easyswoole/component": "^2.2.1",
                "easyswoole/spl": "^1.3",
                "easyswoole/utility": "^1.1",
                "ext-json": "*",
                "php": ">=7.1.0"
            },
            "require-dev": {
                "easyswoole/phpunit": "^1.0",
                "easyswoole/swoole-ide-helper": "^1.0"
            },
            "type": "library",
            "autoload": {
                "psr-4": {
                    "EasySwoole\\Pool\\": "src/",
                    "EasySwoole\\Pool\\Tests\\": "tests/"
                }
            },
            "notification-url": "https://packagist.org/downloads/",
            "license": [
                "Apache-2.0"
            ],
            "authors": [
                {
                    "name": "YF",
                    "email": "291323003@qq.com"
                }
            ],
            "description": "php stander lib",
            "homepage": "https://www.easyswoole.com/",
            "keywords": [
                "async",
                "easyswoole",
                "framework",
                "swoole"
            ],
            "time": "2020-05-31T13:57:38+00:00"
        },
        {
            "name": "easyswoole/spl",
            "version": "1.3.7",
            "source": {
                "type": "git",
                "url": "https://github.com/easy-swoole/spl.git",
                "reference": "b9d74dfbeb59086c51616ba09d7728cea7351d05"
            },
            "dist": {
                "type": "zip",
                "url": "https://api.github.com/repos/easy-swoole/spl/zipball/b9d74dfbeb59086c51616ba09d7728cea7351d05",
                "reference": "b9d74dfbeb59086c51616ba09d7728cea7351d05",
                "shasum": "",
                "mirrors": [
                    {
                        "url": "https://mirrors.aliyun.com/composer/dists/%package%/%reference%.%type%",
                        "preferred": true
                    }
                ]
            },
            "require": {
                "ext-json": "*",
                "php": ">=7.1.0"
            },
            "require-dev": {
                "easyswoole/phpunit": "^1.0",
                "easyswoole/swoole-ide-helper": "^1.0"
            },
            "type": "library",
            "autoload": {
                "psr-4": {
                    "EasySwoole\\Spl\\": "src/",
                    "EasySwoole\\Spl\\Test\\": "test/"
                }
            },
            "notification-url": "https://packagist.org/downloads/",
            "license": [
                "Apache-2.0"
            ],
            "authors": [
                {
                    "name": "YF",
                    "email": "291323003@qq.com"
                }
            ],
            "description": "php stander lib",
            "homepage": "https://www.easyswoole.com/",
            "keywords": [
                "async",
                "easyswoole",
                "framework",
                "swoole"
            ],
            "time": "2020-04-05T15:50:30+00:00"
        },
        {
            "name": "easyswoole/utility",
            "version": "1.1.4",
            "source": {
                "type": "git",
                "url": "https://github.com/easy-swoole/utility.git",
                "reference": "109f4d86906d9610e2feedfcb04a8ecb0e5dba8b"
            },
            "dist": {
                "type": "zip",
                "url": "https://api.github.com/repos/easy-swoole/utility/zipball/109f4d86906d9610e2feedfcb04a8ecb0e5dba8b",
                "reference": "109f4d86906d9610e2feedfcb04a8ecb0e5dba8b",
                "shasum": "",
                "mirrors": [
                    {
                        "url": "https://mirrors.aliyun.com/composer/dists/%package%/%reference%.%type%",
                        "preferred": true
                    }
                ]
            },
            "require": {
                "ext-json": "*",
                "ext-openssl": "*",
                "php": ">=7.1.0"
            },
            "type": "library",
            "autoload": {
                "psr-4": {
                    "EasySwoole\\Utility\\": "src/"
                }
            },
            "notification-url": "https://packagist.org/downloads/",
            "license": [
                "Apache-2.0"
            ],
            "authors": [
                {
                    "name": "evalor",
                    "email": "mipone@foxmail.com"
                }
            ],
            "description": "easyswoole extension tool library",
            "time": "2020-05-19T03:06:24+00:00"
        },
        {
            "name": "php-sword/framework",
            "version": "0.0.2",
            "source": {
                "type": "git",
                "url": "https://github.com/php-sword/framework.git",
                "reference": "dfd2efa80f9356ac37cfa5c191c4ee533c8d30fb"
            },
            "dist": {
                "type": "zip",
                "url": "https://api.github.com/repos/php-sword/framework/zipball/dfd2efa80f9356ac37cfa5c191c4ee533c8d30fb",
                "reference": "dfd2efa80f9356ac37cfa5c191c4ee533c8d30fb",
                "shasum": "",
                "mirrors": [
                    {
                        "url": "https://mirrors.aliyun.com/composer/dists/%package%/%reference%.%type%",
                        "preferred": true
                    }
                ]
            },
            "require": {
                "ext-json": "*",
                "ext-mbstring": "*",
                "ext-pdo": "*",
                "ext-redis": "*",
                "php": "^7.2"
            },
            "type": "library",
            "autoload": {
                "files": [],
                "psr-4": {
                    "sword\\": "src/sword/"
                }
            },
            "notification-url": "https://packagist.org/downloads/",
            "license": [
                "Apache-2.0"
            ],
            "authors": [
                {
                    "name": "Kyour",
                    "email": "kyour@vip.qq.com"
                }
            ],
            "description": "The phpSword Framework.",
            "keywords": [
                "SWORD",
                "php",
                "swoole"
            ],
            "time": "2020-06-06T08:12:22+00:00"
        },
        {
            "name": "sethink/swoole-orm",
            "version": "v0.0.7",
            "source": {
                "type": "git",
                "url": "https://github.com/sethink/swoole-orm.git",
                "reference": "13fbfaf97e912329c96216714a9485badaacab43"
            },
            "dist": {
                "type": "zip",
                "url": "https://api.github.com/repos/sethink/swoole-orm/zipball/13fbfaf97e912329c96216714a9485badaacab43",
                "reference": "13fbfaf97e912329c96216714a9485badaacab43",
                "shasum": "",
                "mirrors": [
                    {
                        "url": "https://mirrors.aliyun.com/composer/dists/%package%/%reference%.%type%",
                        "preferred": true
                    }
                ]
            },
            "require": {
                "ext-swoole": ">=4.2.7",
                "php": ">=7.0.0"
            },
            "type": "library",
            "autoload": {
                "psr-4": {
                    "sethink\\swooleOrm\\": "src"
                }
            },
            "notification-url": "https://packagist.org/downloads/",
            "license": [
                "Apache-2.0"
            ],
            "authors": [
                {
                    "name": "sethink",
                    "email": "358066237@qq.com"
                }
            ],
            "description": "sethink",
            "time": "2019-09-24T04:47:47+00:00"
        }
    ],
    "packages-dev": [],
    "aliases": [],
    "minimum-stability": "stable",
    "stability-flags": [],
    "prefer-stable": false,
    "prefer-lowest": false,
    "platform": {
        "php": "^7.2",
        "ext-pdo": "*",
        "ext-redis": "*",
        "ext-json": "*",
        "ext-mbstring": "*"
    },
    "platform-dev": []
}
